// !$*UTF8*$!
{
	archiveVersion = 1;
	classes = {
	};
	objectVersion = 50;
	objects = {

/* Begin PBXBuildFile section */
		CD2BE8D4218B74AC008BF85F /* AppDelegate.swift in Sources */ = {isa = PBXBuildFile; fileRef = CD2BE8D3218B74AC008BF85F /* AppDelegate.swift */; };
		CD2BE8D6218B74AC008BF85F /* DrawingViewController.swift in Sources */ = {isa = PBXBuildFile; fileRef = CD2BE8D5218B74AC008BF85F /* DrawingViewController.swift */; };
		CD2BE8D9218B74AC008BF85F /* Main.storyboard in Resources */ = {isa = PBXBuildFile; fileRef = CD2BE8D7218B74AC008BF85F /* Main.storyboard */; };
		CD2BE8DB218B74AE008BF85F /* Assets.xcassets in Resources */ = {isa = PBXBuildFile; fileRef = CD2BE8DA218B74AE008BF85F /* Assets.xcassets */; };
		CD2BE8DE218B74AE008BF85F /* LaunchScreen.storyboard in Resources */ = {isa = PBXBuildFile; fileRef = CD2BE8DC218B74AE008BF85F /* LaunchScreen.storyboard */; };
		CD2BE8E9218B7D1B008BF85F /* DrawingView.swift in Sources */ = {isa = PBXBuildFile; fileRef = CD2BE8E8218B7D1B008BF85F /* DrawingView.swift */; };
		CDDA778F219371EB0059B1FE /* DrawingCollectionViewController.swift in Sources */ = {isa = PBXBuildFile; fileRef = CDDA778E219371EB0059B1FE /* DrawingCollectionViewController.swift */; };
/* End PBXBuildFile section */

/* Begin PBXFileReference section */
		CD2BE8D0218B74AC008BF85F /* DrawingProject.app */ = {isa = PBXFileReference; explicitFileType = wrapper.application; includeInIndex = 0; path = DrawingProject.app; sourceTree = BUILT_PRODUCTS_DIR; };
		CD2BE8D3218B74AC008BF85F /* AppDelegate.swift */ = {isa = PBXFileReference; lastKnownFileType = sourcecode.swift; path = AppDelegate.swift; sourceTree = "<group>"; };
		CD2BE8D5218B74AC008BF85F /* DrawingViewController.swift */ = {isa = PBXFileReference; lastKnownFileType = sourcecode.swift; path = DrawingViewController.swift; sourceTree = "<group>"; };
		CD2BE8D8218B74AC008BF85F /* Base */ = {isa = PBXFileReference; lastKnownFileType = file.storyboard; name = Base; path = Base.lproj/Main.storyboard; sourceTree = "<group>"; };
		CD2BE8DA218B74AE008BF85F /* Assets.xcassets */ = {isa = PBXFileReference; lastKnownFileType = folder.assetcatalog; path = Assets.xcassets; sourceTree = "<group>"; };
		CD2BE8DD218B74AE008BF85F /* Base */ = {isa = PBXFileReference; lastKnownFileType = file.storyboard; name = Base; path = Base.lproj/LaunchScreen.storyboard; sourceTree = "<group>"; };
		CD2BE8DF218B74AE008BF85F /* Info.plist */ = {isa = PBXFileReference; lastKnownFileType = text.plist.xml; path = Info.plist; sourceTree = "<group>"; };
		CD2BE8E8218B7D1B008BF85F /* DrawingView.swift */ = {isa = PBXFileReference; lastKnownFileType = sourcecode.swift; path = DrawingView.swift; sourceTree = "<group>"; };
		CDDA778E219371EB0059B1FE /* DrawingCollectionViewController.swift */ = {isa = PBXFileReference; lastKnownFileType = sourcecode.swift; path = DrawingCollectionViewController.swift; sourceTree = "<group>"; };
/* End PBXFileReference section */

/* Begin PBXFrameworksBuildPhase section */
		CD2BE8CD218B74AC008BF85F /* Frameworks */ = {
			isa = PBXFrameworksBuildPhase;
			buildActionMask = 2147483647;
			files = (
			);
			runOnlyForDeploymentPostprocessing = 0;
		};
/* End PBXFrameworksBuildPhase section */

/* Begin PBXGroup section */
		CD2BE8C7218B74AC008BF85F = {
			isa = PBXGroup;
			children = (
				CD2BE8D2218B74AC008BF85F /* DrawingProject */,
				CD2BE8D1218B74AC008BF85F /* Products */,
			);
			sourceTree = "<group>";
		};
		CD2BE8D1218B74AC008BF85F /* Products */ = {
			isa = PBXGroup;
			children = (
				CD2BE8D0218B74AC008BF85F /* DrawingProject.app */,
			);
			name = Products;
			sourceTree = "<group>";
		};
		CD2BE8D2218B74AC008BF85F /* DrawingProject */ = {
			isa = PBXGroup;
			children = (
				CD2BE8E5218B74B9008BF85F /* Resources */,
				CD2BE8E7218B74CA008BF85F /* Controller */,
				CD2BE8E6218B74C4008BF85F /* View */,
			);
			path = DrawingProject;
			sourceTree = "<group>";
		};
		CD2BE8E5218B74B9008BF85F /* Resources */ = {
			isa = PBXGroup;
			children = (
				CD2BE8D3218B74AC008BF85F /* AppDelegate.swift */,
				CD2BE8DA218B74AE008BF85F /* Assets.xcassets */,
				CD2BE8DF218B74AE008BF85F /* Info.plist */,
			);
			path = Resources;
			sourceTree = "<group>";
		};
		CD2BE8E6218B74C4008BF85F /* View */ = {
			isa = PBXGroup;
			children = (
				CD2BE8D7218B74AC008BF85F /* Main.storyboard */,
				CD2BE8DC218B74AE008BF85F /* LaunchScreen.storyboard */,
				CD2BE8E8218B7D1B008BF85F /* DrawingView.swift */,
			);
			path = View;
			sourceTree = "<group>";
		};
		CD2BE8E7218B74CA008BF85F /* Controller */ = {
			isa = PBXGroup;
			children = (
				CD2BE8D5218B74AC008BF85F /* DrawingViewController.swift */,
				CDDA778E219371EB0059B1FE /* DrawingCollectionViewController.swift */,
			);
			path = Controller;
			sourceTree = "<group>";
		};
/* End PBXGroup section */

/* Begin PBXNativeTarget section */
		CD2BE8CF218B74AC008BF85F /* DrawingProject */ = {
			isa = PBXNativeTarget;
			buildConfigurationList = CD2BE8E2218B74AE008BF85F /* Build configuration list for PBXNativeTarget "DrawingProject" */;
			buildPhases = (
				CD2BE8CC218B74AC008BF85F /* Sources */,
				CD2BE8CD218B74AC008BF85F /* Frameworks */,
				CD2BE8CE218B74AC008BF85F /* Resources */,
			);
			buildRules = (
			);
			dependencies = (
			);
			name = DrawingProject;
			productName = DrawingProject;
			productReference = CD2BE8D0218B74AC008BF85F /* DrawingProject.app */;
			productType = "com.apple.product-type.application";
		};
/* End PBXNativeTarget section */

/* Begin PBXProject section */
		CD2BE8C8218B74AC008BF85F /* Project object */ = {
			isa = PBXProject;
			attributes = {
				LastSwiftUpdateCheck = 0940;
				LastUpgradeCheck = 0940;
				ORGANIZATIONNAME = CTEC;
				TargetAttributes = {
					CD2BE8CF218B74AC008BF85F = {
						CreatedOnToolsVersion = 9.4.1;
					};
				};
			};
			buildConfigurationList = CD2BE8CB218B74AC008BF85F /* Build configuration list for PBXProject "DrawingProject" */;
			compatibilityVersion = "Xcode 9.3";
			developmentRegion = en;
			hasScannedForEncodings = 0;
			knownRegions = (
				en,
				Base,
			);
			mainGroup = CD2BE8C7218B74AC008BF85F;
			productRefGroup = CD2BE8D1218B74AC008BF85F /* Products */;
			projectDirPath = "";
			projectRoot = "";
			targets = (
				CD2BE8CF218B74AC008BF85F /* DrawingProject */,
			);
		};
/* End PBXProject section */

/* Begin PBXResourcesBuildPhase section */
		CD2BE8CE218B74AC008BF85F /* Resources */ = {
			isa = PBXResourcesBuildPhase;
			buildActionMask = 2147483647;
			files = (
				CD2BE8DE218B74AE008BF85F /* LaunchScreen.storyboard in Resources */,
				CD2BE8DB218B74AE008BF85F /* Assets.xcassets in Resources */,
				CD2BE8D9218B74AC008BF85F /* Main.storyboard in Resources */,
			);
			runOnlyForDeploymentPostprocessing = 0;
		};
/* End PBXResourcesBuildPhase section */

/* Begin PBXSourcesBuildPhase section */
		CD2BE8CC218B74AC008BF85F /* Sources */ = {
			isa = PBXSourcesBuildPhase;
			buildActionMask = 2147483647;
			files = (
				CD2BE8E9218B7D1B008BF85F /* DrawingView.swift in Sources */,
				CD2BE8D6218B74AC008BF85F /* DrawingViewController.swift in Sources */,
				CD2BE8D4218B74AC008BF85F /* AppDelegate.swift in Sources */,
				CDDA778F219371EB0059B1FE /* DrawingCollectionViewController.swift in Sources */,
			);
			runOnlyForDeploymentPostprocessing = 0;
		};
/* End PBXSourcesBuildPhase section */

/* Begin PBXVariantGroup section */
		CD2BE8D7218B74AC008BF85F /* Main.storyboard */ = {
			isa = PBXVariantGroup;
			children = (
				CD2BE8D8218B74AC008BF85F /* Base */,
			);
			name = Main.storyboard;
			sourceTree = "<group>";
		};
		CD2BE8DC218B74AE008BF85F /* LaunchScreen.storyboard */ = {
			isa = PBXVariantGroup;
			children = (
				CD2BE8DD218B74AE008BF85F /* Base */,
			);
			name = LaunchScreen.storyboard;
			sourceTree = "<group>";
		};
/* End PBXVariantGroup section */

/* Begin XCBuildConfiguration section */
		CD2BE8E0218B74AE008BF85F /* Debug */ = {
			isa = XCBuildConfiguration;
			buildSettings = {
				ALWAYS_SEARCH_USER_PATHS = NO;
				CLANG_ANALYZER_NONNULL = YES;
				CLANG_ANALYZER_NUMBER_OBJECT_CONVERSION = YES_AGGRESSIVE;
				CLANG_CXX_LANGUAGE_STANDARD = "gnu++14";
				CLANG_CXX_LIBRARY = "libc++";
				CLANG_ENABLE_MODULES = YES;
				CLANG_ENABLE_OBJC_ARC = YES;
				CLANG_ENABLE_OBJC_WEAK = YES;
				CLANG_WARN_BLOCK_CAPTURE_AUTORELEASING = YES;
				CLANG_WARN_BOOL_CONVERSION = YES;
				CLANG_WARN_COMMA = YES;
				CLANG_WARN_CONSTANT_CONVERSION = YES;
				CLANG_WARN_DEPRECATED_OBJC_IMPLEMENTATIONS = YES;
				CLANG_WARN_DIRECT_OBJC_ISA_USAGE = YES_ERROR;
				CLANG_WARN_DOCUMENTATION_COMMENTS = YES;
				CLANG_WARN_EMPTY_BODY = YES;
				CLANG_WARN_ENUM_CONVERSION = YES;
				CLANG_WARN_INFINITE_RECURSION = YES;
				CLANG_WARN_INT_CONVERSION = YES;
				CLANG_WARN_NON_LITERAL_NULL_CONVERSION = YES;
				CLANG_WARN_OBJC_IMPLICIT_RETAIN_SELF = YES;
				CLANG_WARN_OBJC_LITERAL_CONVERSION = YES;
				CLANG_WARN_OBJC_ROOT_CLASS = YES_ERROR;
				CLANG_WARN_RANGE_LOOP_ANALYSIS = YES;
				CLANG_WARN_STRICT_PROTOTYPES = YES;
				CLANG_WARN_SUSPICIOUS_MOVE = YES;
				CLANG_WARN_UNGUARDED_AVAILABILITY = YES_AGGRESSIVE;
				CLANG_WARN_UNREACHABLE_CODE = YES;
				CLANG_WARN__DUPLICATE_METHOD_MATCH = YES;
				CODE_SIGN_IDENTITY = "iPhone Developer";
				COPY_PHASE_STRIP = NO;
				DEBUG_INFORMATION_FORMAT = dwarf;
				ENABLE_STRICT_OBJC_MSGSEND = YES;
				ENABLE_TESTABILITY = YES;
				GCC_C_LANGUAGE_STANDARD = gnu11;
				GCC_DYNAMIC_NO_PIC = NO;
				GCC_NO_COMMON_BLOCKS = YES;
				GCC_OPTIMIZATION_LEVEL = 0;
				GCC_PREPROCESSOR_DEFINITIONS = (
					"DEBUG=1",
					"$(inherited)",
				);
				GCC_WARN_64_TO_32_BIT_CONVERSION = YES;
				GCC_WARN_ABOUT_RETURN_TYPE = YES_ERROR;
				GCC_WARN_UNDECLARED_SELECTOR = YES;
				GCC_WARN_UNINITIALIZED_AUTOS = YES_AGGRESSIVE;
				GCC_WARN_UNUSED_FUNCTION = YES;
				GCC_WARN_UNUSED_VARIABLE = YES;
				IPHONEOS_DEPLOYMENT_TARGET = 11.4;
				MTL_ENABLE_DEBUG_INFO = YES;
				ONLY_ACTIVE_ARCH = YES;
				SDKROOT = iphoneos;
				SWIFT_ACTIVE_COMPILATION_CONDITIONS = DEBUG;
				SWIFT_OPTIMIZATION_LEVEL = "-Onone";
			};
			name = Debug;
		};
		CD2BE8E1218B74AE008BF85F /* Release */ = {
			isa = XCBuildConfiguration;
			buildSettings = {
				ALWAYS_SEARCH_USER_PATHS = NO;
				CLANG_ANALYZER_NONNULL = YES;
				CLANG_ANALYZER_NUMBER_OBJECT_CONVERSION = YES_AGGRESSIVE;
				CLANG_CXX_LANGUAGE_STANDARD = "gnu++14";
				CLANG_CXX_LIBRARY = "libc++";
				CLANG_ENABLE_MODULES = YES;
				CLANG_ENABLE_OBJC_ARC = YES;
				CLANG_ENABLE_OBJC_WEAK = YES;
				CLANG_WARN_BLOCK_CAPTURE_AUTORELEASING = YES;
				CLANG_WARN_BOOL_CONVERSION = YES;
				CLANG_WARN_COMMA = YES;
				CLANG_WARN_CONSTANT_CONVERSION = YES;
				CLANG_WARN_DEPRECATED_OBJC_IMPLEMENTATIONS = YES;
				CLANG_WARN_DIRECT_OBJC_ISA_USAGE = YES_ERROR;
				CLANG_WARN_DOCUMENTATION_COMMENTS = YES;
				CLANG_WARN_EMPTY_BODY = YES;
				CLANG_WARN_ENUM_CONVERSION = YES;
				CLANG_WARN_INFINITE_RECURSION = YES;
				CLANG_WARN_INT_CONVERSION = YES;
				CLANG_WARN_NON_LITERAL_NULL_CONVERSION = YES;
				CLANG_WARN_OBJC_IMPLICIT_RETAIN_SELF = YES;
				CLANG_WARN_OBJC_LITERAL_CONVERSION = YES;
				CLANG_WARN_OBJC_ROOT_CLASS = YES_ERROR;
				CLANG_WARN_RANGE_LOOP_ANALYSIS = YES;
				CLANG_WARN_STRICT_PROTOTYPES = YES;
				CLANG_WARN_SUSPICIOUS_MOVE = YES;
				CLANG_WARN_UNGUARDED_AVAILABILITY = YES_AGGRESSIVE;
				CLANG_WARN_UNREACHABLE_CODE = YES;
				CLANG_WARN__DUPLICATE_METHOD_MATCH = YES;
				CODE_SIGN_IDENTITY = "iPhone Developer";
				COPY_PHASE_STRIP = NO;
				DEBUG_INFORMATION_FORMAT = "dwarf-with-dsym";
				ENABLE_NS_ASSERTIONS = NO;
				ENABLE_STRICT_OBJC_MSGSEND = YES;
				GCC_C_LANGUAGE_STANDARD = gnu11;
				GCC_NO_COMMON_BLOCKS = YES;
				GCC_WARN_64_TO_32_BIT_CONVERSION = YES;
				GCC_WARN_ABOUT_RETURN_TYPE = YES_ERROR;
				GCC_WARN_UNDECLARED_SELECTOR = YES;
				GCC_WARN_UNINITIALIZED_AUTOS = YES_AGGRESSIVE;
				GCC_WARN_UNUSED_FUNCTION = YES;
				GCC_WARN_UNUSED_VARIABLE = YES;
				IPHONEOS_DEPLOYMENT_TARGET = 11.4;
				MTL_ENABLE_DEBUG_INFO = NO;
				SDKROOT = iphoneos;
				SWIFT_COMPILATION_MODE = wholemodule;
				SWIFT_OPTIMIZATION_LEVEL = "-O";
				VALIDATE_PRODUCT = YES;
			};
			name = Release;
		};
		CD2BE8E3218B74AE008BF85F /* Debug */ = {
			isa = XCBuildConfiguration;
			buildSettings = {
				ASSETCATALOG_COMPILER_APPICON_NAME = AppIcon;
				CODE_SIGN_STYLE = Automatic;
				INFOPLIST_FILE = "$(SRCROOT)/DrawingProject/Resources/Info.plist";
				LD_RUNPATH_SEARCH_PATHS = (
					"$(inherited)",
					"@executable_path/Frameworks",
				);
				PRODUCT_BUNDLE_IDENTIFIER = CTEC.DrawingProject;
				PRODUCT_NAME = "$(TARGET_NAME)";
				SWIFT_VERSION = 4.0;
				TARGETED_DEVICE_FAMILY = "1,2";
			};
			name = Debug;
		};
		CD2BE8E4218B74AE008BF85F /* Release */ = {
			isa = XCBuildConfiguration;
			buildSettings = {
				ASSETCATALOG_COMPILER_APPICON_NAME = AppIcon;
				CODE_SIGN_STYLE = Automatic;
				INFOPLIST_FILE = "$(SRCROOT)/DrawingProject/Resources/Info.plist";
				LD_RUNPATH_SEARCH_PATHS = (
					"$(inherited)",
					"@executable_path/Frameworks",
				);
				PRODUCT_BUNDLE_IDENTIFIER = CTEC.DrawingProject;
				PRODUCT_NAME = "$(TARGET_NAME)";
				SWIFT_VERSION = 4.0;
				TARGETED_DEVICE_FAMILY = "1,2";
			};
			name = Release;
		};
/* End XCBuildConfiguration section */

/* Begin XCConfigurationList section */
		CD2BE8CB218B74AC008BF85F /* Build configuration list for PBXProject "DrawingProject" */ = {
			isa = XCConfigurationList;
			buildConfigurations = (
				CD2BE8E0218B74AE008BF85F /* Debug */,
				CD2BE8E1218B74AE008BF85F /* Release */,
			);
			defaultConfigurationIsVisible = 0;
			defaultConfigurationName = Release;
		};
		CD2BE8E2218B74AE008BF85F /* Build configuration list for PBXNativeTarget "DrawingProject" */ = {
			isa = XCConfigurationList;
			buildConfigurations = (
				CD2BE8E3218B74AE008BF85F /* Debug */,
				CD2BE8E4218B74AE008BF85F /* Release */,
			);
			defaultConfigurationIsVisible = 0;
			defaultConfigurationName = Release;
		};
/* End XCConfigurationList section */
	};
	rootObject = CD2BE8C8218B74AC008BF85F /* Project object */;
}
